
Microsoft Visual Studio Solution File, Format Version 12.00
# Visual Studio Version 17
VisualStudioVersion = 17.7.34009.444
MinimumVisualStudioVersion = 10.0.40219.1
Project("{FAE04EC0-301F-11D3-BF4B-00C04F79EFBC}") = "AlicanteITELEC1C", "AlicanteITELEC1C\AlicanteITELEC1C.csproj", "{03614DF2-8B33-4CCD-8034-B6F985B9F9D0}"
EndProject
Global
	GlobalSection(SolutionConfigurationPlatforms) = preSolution
		Debug|Any CPU = Debug|Any CPU
		Release|Any CPU = Release|Any CPU
	EndGlobalSection
	GlobalSection(ProjectConfigurationPlatforms) = postSolution
		{03614DF2-8B33-4CCD-8034-B6F985B9F9D0}.Debug|Any CPU.ActiveCfg = Debug|Any CPU
		{03614DF2-8B33-4CCD-8034-B6F985B9F9D0}.Debug|Any CPU.Build.0 = Debug|Any CPU
		{03614DF2-8B33-4CCD-8034-B6F985B9F9D0}.Release|Any CPU.ActiveCfg = Release|Any CPU
		{03614DF2-8B33-4CCD-8034-B6F985B9F9D0}.Release|Any CPU.Build.0 = Release|Any CPU
	EndGlobalSection
	GlobalSection(SolutionProperties) = preSolution
		HideSolutionNode = FALSE
	EndGlobalSection
	GlobalSection(ExtensibilityGlobals) = postSolution
		SolutionGuid = {4A2C05C7-5254-4693-B96D-6613CB73A937}
	EndGlobalSection
EndGlobal
